
Microsoft Visual Studio Solution File, Format Version 12.00
# Visual Studio Version 16
VisualStudioVersion = 16.0.31402.337
MinimumVisualStudioVersion = 10.0.40219.1
Project("{8BC9CEB8-8B4A-11D0-8D11-00A0C91BC942}") = "Practice0x01", "Practice0x01\Practice0x01.vcxproj", "{DEF9579D-AC67-4220-8502-D90123A65DFB}"
EndProject
Project("{8BC9CEB8-8B4A-11D0-8D11-00A0C91BC942}") = "Practice0x02", "Practice0x02\Practice0x02.vcxproj", "{D22ED582-B2E0-46DF-972B-BEA0F688082A}"
EndProject
Project("{8BC9CEB8-8B4A-11D0-8D11-00A0C91BC942}") = "Practice0x03_Array", "Practice0x03_Array\Practice0x03_Array.vcxproj", "{68DDF7BC-22DA-4A8B-B02C-B01CC6AE78B1}"
EndProject
Project("{8BC9CEB8-8B4A-11D0-8D11-00A0C91BC942}") = "Practice0x04_연결리스트", "Practice0x04_연결리스트\Practice0x04_연결리스트.vcxproj", "{CDE1B294-1175-4778-9226-9FE63307EA7A}"
EndProject
Project("{8BC9CEB8-8B4A-11D0-8D11-00A0C91BC942}") = "Practice0x05_Stack", "Practice0x05\Practice0x05.vcxproj", "{936599A5-2B06-4A5C-96AC-536034DEDC45}"
EndProject
Project("{8BC9CEB8-8B4A-11D0-8D11-00A0C91BC942}") = "Practice0x06,07_큐덱", "Practice0x06\Practice0x06.vcxproj", "{3C9C1B6B-CBE2-4BFB-94A9-09B3371D695A}"
EndProject
Project("{8BC9CEB8-8B4A-11D0-8D11-00A0C91BC942}") = "Practice0x08_스택활용", "Practice0x08_스택활용\Practice0x08_스택활용.vcxproj", "{C847AF09-FBCA-4D14-87F5-9D2B75E589AC}"
EndProject
Project("{8BC9CEB8-8B4A-11D0-8D11-00A0C91BC942}") = "Practice0x09_BFS", "Practice0x09_BFS\Practice0x09_BFS.vcxproj", "{3628F192-F514-47BF-A99A-858A190EF1F6}"
EndProject
Project("{8BC9CEB8-8B4A-11D0-8D11-00A0C91BC942}") = "Practice_0x0A_DFS", "Practice_0x0A_DFS\Practice_0x0A_DFS.vcxproj", "{9C1B710A-14C9-4408-A4B1-B3D85FF1B7CE}"
EndProject
Project("{8BC9CEB8-8B4A-11D0-8D11-00A0C91BC942}") = "Practice_0x0B_Recursive", "Practice_0x0B_Recursive\Practice_0x0B_Recursive.vcxproj", "{6AA39462-EC00-44FE-9D51-F9C017DEFEFD}"
EndProject
Project("{8BC9CEB8-8B4A-11D0-8D11-00A0C91BC942}") = "CodeUp_C언어기초100제", "CodeUp_C언어기초100제\CodeUp_C언어기초100제.vcxproj", "{16EBAEAE-2029-42EE-9A58-639DA9B020EC}"
EndProject
Project("{8BC9CEB8-8B4A-11D0-8D11-00A0C91BC942}") = "Practice_0x0C_Backtracking", "Practice_0x0C_Backtracking\Practice_0x0C_Backtracking.vcxproj", "{6B8DDE7F-24E9-4B53-A4B1-520C09781842}"
EndProject
Project("{8BC9CEB8-8B4A-11D0-8D11-00A0C91BC942}") = "Practice_0x12_수학", "Practice_0x12_수학\Practice_0x12_수학.vcxproj", "{E301FCBF-1BC7-446E-91D9-9954BA48056C}"
EndProject
Global
	GlobalSection(SolutionConfigurationPlatforms) = preSolution
		Debug|x64 = Debug|x64
		Debug|x86 = Debug|x86
		Release|x64 = Release|x64
		Release|x86 = Release|x86
	EndGlobalSection
	GlobalSection(ProjectConfigurationPlatforms) = postSolution
		{DEF9579D-AC67-4220-8502-D90123A65DFB}.Debug|x64.ActiveCfg = Debug|x64
		{DEF9579D-AC67-4220-8502-D90123A65DFB}.Debug|x64.Build.0 = Debug|x64
		{DEF9579D-AC67-4220-8502-D90123A65DFB}.Debug|x86.ActiveCfg = Debug|Win32
		{DEF9579D-AC67-4220-8502-D90123A65DFB}.Debug|x86.Build.0 = Debug|Win32
		{DEF9579D-AC67-4220-8502-D90123A65DFB}.Release|x64.ActiveCfg = Release|x64
		{DEF9579D-AC67-4220-8502-D90123A65DFB}.Release|x64.Build.0 = Release|x64
		{DEF9579D-AC67-4220-8502-D90123A65DFB}.Release|x86.ActiveCfg = Release|Win32
		{DEF9579D-AC67-4220-8502-D90123A65DFB}.Release|x86.Build.0 = Release|Win32
		{D22ED582-B2E0-46DF-972B-BEA0F688082A}.Debug|x64.ActiveCfg = Debug|x64
		{D22ED582-B2E0-46DF-972B-BEA0F688082A}.Debug|x64.Build.0 = Debug|x64
		{D22ED582-B2E0-46DF-972B-BEA0F688082A}.Debug|x86.ActiveCfg = Debug|Win32
		{D22ED582-B2E0-46DF-972B-BEA0F688082A}.Debug|x86.Build.0 = Debug|Win32
		{D22ED582-B2E0-46DF-972B-BEA0F688082A}.Release|x64.ActiveCfg = Release|x64
		{D22ED582-B2E0-46DF-972B-BEA0F688082A}.Release|x64.Build.0 = Release|x64
		{D22ED582-B2E0-46DF-972B-BEA0F688082A}.Release|x86.ActiveCfg = Release|Win32
		{D22ED582-B2E0-46DF-972B-BEA0F688082A}.Release|x86.Build.0 = Release|Win32
		{68DDF7BC-22DA-4A8B-B02C-B01CC6AE78B1}.Debug|x64.ActiveCfg = Debug|x64
		{68DDF7BC-22DA-4A8B-B02C-B01CC6AE78B1}.Debug|x64.Build.0 = Debug|x64
		{68DDF7BC-22DA-4A8B-B02C-B01CC6AE78B1}.Debug|x86.ActiveCfg = Debug|Win32
		{68DDF7BC-22DA-4A8B-B02C-B01CC6AE78B1}.Debug|x86.Build.0 = Debug|Win32
		{68DDF7BC-22DA-4A8B-B02C-B01CC6AE78B1}.Release|x64.ActiveCfg = Release|x64
		{68DDF7BC-22DA-4A8B-B02C-B01CC6AE78B1}.Release|x64.Build.0 = Release|x64
		{68DDF7BC-22DA-4A8B-B02C-B01CC6AE78B1}.Release|x86.ActiveCfg = Release|Win32
		{68DDF7BC-22DA-4A8B-B02C-B01CC6AE78B1}.Release|x86.Build.0 = Release|Win32
		{CDE1B294-1175-4778-9226-9FE63307EA7A}.Debug|x64.ActiveCfg = Debug|x64
		{CDE1B294-1175-4778-9226-9FE63307EA7A}.Debug|x64.Build.0 = Debug|x64
		{CDE1B294-1175-4778-9226-9FE63307EA7A}.Debug|x86.ActiveCfg = Debug|Win32
		{CDE1B294-1175-4778-9226-9FE63307EA7A}.Debug|x86.Build.0 = Debug|Win32
		{CDE1B294-1175-4778-9226-9FE63307EA7A}.Release|x64.ActiveCfg = Release|x64
		{CDE1B294-1175-4778-9226-9FE63307EA7A}.Release|x64.Build.0 = Release|x64
		{CDE1B294-1175-4778-9226-9FE63307EA7A}.Release|x86.ActiveCfg = Release|Win32
		{CDE1B294-1175-4778-9226-9FE63307EA7A}.Release|x86.Build.0 = Release|Win32
		{936599A5-2B06-4A5C-96AC-536034DEDC45}.Debug|x64.ActiveCfg = Debug|x64
		{936599A5-2B06-4A5C-96AC-536034DEDC45}.Debug|x64.Build.0 = Debug|x64
		{936599A5-2B06-4A5C-96AC-536034DEDC45}.Debug|x86.ActiveCfg = Debug|Win32
		{936599A5-2B06-4A5C-96AC-536034DEDC45}.Debug|x86.Build.0 = Debug|Win32
		{936599A5-2B06-4A5C-96AC-536034DEDC45}.Release|x64.ActiveCfg = Release|x64
		{936599A5-2B06-4A5C-96AC-536034DEDC45}.Release|x64.Build.0 = Release|x64
		{936599A5-2B06-4A5C-96AC-536034DEDC45}.Release|x86.ActiveCfg = Release|Win32
		{936599A5-2B06-4A5C-96AC-536034DEDC45}.Release|x86.Build.0 = Release|Win32
		{3C9C1B6B-CBE2-4BFB-94A9-09B3371D695A}.Debug|x64.ActiveCfg = Debug|x64
		{3C9C1B6B-CBE2-4BFB-94A9-09B3371D695A}.Debug|x64.Build.0 = Debug|x64
		{3C9C1B6B-CBE2-4BFB-94A9-09B3371D695A}.Debug|x86.ActiveCfg = Debug|Win32
		{3C9C1B6B-CBE2-4BFB-94A9-09B3371D695A}.Debug|x86.Build.0 = Debug|Win32
		{3C9C1B6B-CBE2-4BFB-94A9-09B3371D695A}.Release|x64.ActiveCfg = Release|x64
		{3C9C1B6B-CBE2-4BFB-94A9-09B3371D695A}.Release|x64.Build.0 = Release|x64
		{3C9C1B6B-CBE2-4BFB-94A9-09B3371D695A}.Release|x86.ActiveCfg = Release|Win32
		{3C9C1B6B-CBE2-4BFB-94A9-09B3371D695A}.Release|x86.Build.0 = Release|Win32
		{C847AF09-FBCA-4D14-87F5-9D2B75E589AC}.Debug|x64.ActiveCfg = Debug|x64
		{C847AF09-FBCA-4D14-87F5-9D2B75E589AC}.Debug|x64.Build.0 = Debug|x64
		{C847AF09-FBCA-4D14-87F5-9D2B75E589AC}.Debug|x86.ActiveCfg = Debug|Win32
		{C847AF09-FBCA-4D14-87F5-9D2B75E589AC}.Debug|x86.Build.0 = Debug|Win32
		{C847AF09-FBCA-4D14-87F5-9D2B75E589AC}.Release|x64.ActiveCfg = Release|x64
		{C847AF09-FBCA-4D14-87F5-9D2B75E589AC}.Release|x64.Build.0 = Release|x64
		{C847AF09-FBCA-4D14-87F5-9D2B75E589AC}.Release|x86.ActiveCfg = Release|Win32
		{C847AF09-FBCA-4D14-87F5-9D2B75E589AC}.Release|x86.Build.0 = Release|Win32
		{3628F192-F514-47BF-A99A-858A190EF1F6}.Debug|x64.ActiveCfg = Debug|x64
		{3628F192-F514-47BF-A99A-858A190EF1F6}.Debug|x64.Build.0 = Debug|x64
		{3628F192-F514-47BF-A99A-858A190EF1F6}.Debug|x86.ActiveCfg = Debug|Win32
		{3628F192-F514-47BF-A99A-858A190EF1F6}.Debug|x86.Build.0 = Debug|Win32
		{3628F192-F514-47BF-A99A-858A190EF1F6}.Release|x64.ActiveCfg = Release|x64
		{3628F192-F514-47BF-A99A-858A190EF1F6}.Release|x64.Build.0 = Release|x64
		{3628F192-F514-47BF-A99A-858A190EF1F6}.Release|x86.ActiveCfg = Release|Win32
		{3628F192-F514-47BF-A99A-858A190EF1F6}.Release|x86.Build.0 = Release|Win32
		{9C1B710A-14C9-4408-A4B1-B3D85FF1B7CE}.Debug|x64.ActiveCfg = Debug|x64
		{9C1B710A-14C9-4408-A4B1-B3D85FF1B7CE}.Debug|x64.Build.0 = Debug|x64
		{9C1B710A-14C9-4408-A4B1-B3D85FF1B7CE}.Debug|x86.ActiveCfg = Debug|Win32
		{9C1B710A-14C9-4408-A4B1-B3D85FF1B7CE}.Debug|x86.Build.0 = Debug|Win32
		{9C1B710A-14C9-4408-A4B1-B3D85FF1B7CE}.Release|x64.ActiveCfg = Release|x64
		{9C1B710A-14C9-4408-A4B1-B3D85FF1B7CE}.Release|x64.Build.0 = Release|x64
		{9C1B710A-14C9-4408-A4B1-B3D85FF1B7CE}.Release|x86.ActiveCfg = Release|Win32
		{9C1B710A-14C9-4408-A4B1-B3D85FF1B7CE}.Release|x86.Build.0 = Release|Win32
		{6AA39462-EC00-44FE-9D51-F9C017DEFEFD}.Debug|x64.ActiveCfg = Debug|x64
		{6AA39462-EC00-44FE-9D51-F9C017DEFEFD}.Debug|x64.Build.0 = Debug|x64
		{6AA39462-EC00-44FE-9D51-F9C017DEFEFD}.Debug|x86.ActiveCfg = Debug|Win32
		{6AA39462-EC00-44FE-9D51-F9C017DEFEFD}.Debug|x86.Build.0 = Debug|Win32
		{6AA39462-EC00-44FE-9D51-F9C017DEFEFD}.Release|x64.ActiveCfg = Release|x64
		{6AA39462-EC00-44FE-9D51-F9C017DEFEFD}.Release|x64.Build.0 = Release|x64
		{6AA39462-EC00-44FE-9D51-F9C017DEFEFD}.Release|x86.ActiveCfg = Release|Win32
		{6AA39462-EC00-44FE-9D51-F9C017DEFEFD}.Release|x86.Build.0 = Release|Win32
		{16EBAEAE-2029-42EE-9A58-639DA9B020EC}.Debug|x64.ActiveCfg = Debug|x64
		{16EBAEAE-2029-42EE-9A58-639DA9B020EC}.Debug|x64.Build.0 = Debug|x64
		{16EBAEAE-2029-42EE-9A58-639DA9B020EC}.Debug|x86.ActiveCfg = Debug|Win32
		{16EBAEAE-2029-42EE-9A58-639DA9B020EC}.Debug|x86.Build.0 = Debug|Win32
		{16EBAEAE-2029-42EE-9A58-639DA9B020EC}.Release|x64.ActiveCfg = Release|x64
		{16EBAEAE-2029-42EE-9A58-639DA9B020EC}.Release|x64.Build.0 = Release|x64
		{16EBAEAE-2029-42EE-9A58-639DA9B020EC}.Release|x86.ActiveCfg = Release|Win32
		{16EBAEAE-2029-42EE-9A58-639DA9B020EC}.Release|x86.Build.0 = Release|Win32
		{6B8DDE7F-24E9-4B53-A4B1-520C09781842}.Debug|x64.ActiveCfg = Debug|x64
		{6B8DDE7F-24E9-4B53-A4B1-520C09781842}.Debug|x64.Build.0 = Debug|x64
		{6B8DDE7F-24E9-4B53-A4B1-520C09781842}.Debug|x86.ActiveCfg = Debug|Win32
		{6B8DDE7F-24E9-4B53-A4B1-520C09781842}.Debug|x86.Build.0 = Debug|Win32
		{6B8DDE7F-24E9-4B53-A4B1-520C09781842}.Release|x64.ActiveCfg = Release|x64
		{6B8DDE7F-24E9-4B53-A4B1-520C09781842}.Release|x64.Build.0 = Release|x64
		{6B8DDE7F-24E9-4B53-A4B1-520C09781842}.Release|x86.ActiveCfg = Release|Win32
		{6B8DDE7F-24E9-4B53-A4B1-520C09781842}.Release|x86.Build.0 = Release|Win32
		{E301FCBF-1BC7-446E-91D9-9954BA48056C}.Debug|x64.ActiveCfg = Debug|x64
		{E301FCBF-1BC7-446E-91D9-9954BA48056C}.Debug|x64.Build.0 = Debug|x64
		{E301FCBF-1BC7-446E-91D9-9954BA48056C}.Debug|x86.ActiveCfg = Debug|Win32
		{E301FCBF-1BC7-446E-91D9-9954BA48056C}.Debug|x86.Build.0 = Debug|Win32
		{E301FCBF-1BC7-446E-91D9-9954BA48056C}.Release|x64.ActiveCfg = Release|x64
		{E301FCBF-1BC7-446E-91D9-9954BA48056C}.Release|x64.Build.0 = Release|x64
		{E301FCBF-1BC7-446E-91D9-9954BA48056C}.Release|x86.ActiveCfg = Release|Win32
		{E301FCBF-1BC7-446E-91D9-9954BA48056C}.Release|x86.Build.0 = Release|Win32
	EndGlobalSection
	GlobalSection(SolutionProperties) = preSolution
		HideSolutionNode = FALSE
	EndGlobalSection
	GlobalSection(ExtensibilityGlobals) = postSolution
		SolutionGuid = {14FA612C-1546-4082-9152-5A0A417F00F7}
	EndGlobalSection
EndGlobal
