
Microsoft Visual Studio Solution File, Format Version 12.00
# Visual Studio Version 16
VisualStudioVersion = 16.0.31205.134
MinimumVisualStudioVersion = 10.0.40219.1
Project("{8BC9CEB8-8B4A-11D0-8D11-00A0C91BC942}") = "10430_나머지", "10430_나머지\10430_나머지.vcxproj", "{C95D7DFA-B26F-48B3-8578-0AFBD62A7CFF}"
EndProject
Project("{8BC9CEB8-8B4A-11D0-8D11-00A0C91BC942}") = "2609_GCD_LCM", "2609_GCD_LCM\2609_GCD_LCM.vcxproj", "{92158FCE-5FFF-4CE7-B937-B649330209B8}"
EndProject
Project("{8BC9CEB8-8B4A-11D0-8D11-00A0C91BC942}") = "1934_LCM", "1934_LCM\1934_LCM.vcxproj", "{0D3C8A40-C7A2-43E2-B275-812837FF0100}"
EndProject
Project("{8BC9CEB8-8B4A-11D0-8D11-00A0C91BC942}") = "1978_PrimeNumber", "1978_PrimeNumber\1978_PrimeNumber.vcxproj", "{F1AAC239-B135-4D4F-9D03-07AE647B8DE8}"
EndProject
Project("{8BC9CEB8-8B4A-11D0-8D11-00A0C91BC942}") = "1929_에라토스테네스의 체", "1929_에라토스테네스의 체\1929_에라토스테네스의 체.vcxproj", "{C65AB228-A309-4D20-BB94-1539412C13B8}"
EndProject
Project("{8BC9CEB8-8B4A-11D0-8D11-00A0C91BC942}") = "6588_골드바흐의 추측", "6588_골드바흐의 추측\6588_골드바흐의 추측.vcxproj", "{555764BB-86E0-40AB-8ED9-48EAFF5E6D56}"
EndProject
Project("{8BC9CEB8-8B4A-11D0-8D11-00A0C91BC942}") = "10872_Factorial", "10872_Factorial\10872_Factorial.vcxproj", "{53BC8B3D-0EB4-494E-BDA5-FDF79405868E}"
EndProject
Project("{8BC9CEB8-8B4A-11D0-8D11-00A0C91BC942}") = "1676_팩토리얼 0의 개수", "1676_팩토리얼 0의 개수\1676_팩토리얼 0의 개수.vcxproj", "{EE99628D-AD17-423E-A92C-AAFA58AD72B3}"
EndProject
Project("{8BC9CEB8-8B4A-11D0-8D11-00A0C91BC942}") = "2004_조합 0의 개수", "2004_조합 0의 개수\2004_조합 0의 개수.vcxproj", "{9577D5A9-0443-423A-878B-B9D337505D82}"
EndProject
Project("{8BC9CEB8-8B4A-11D0-8D11-00A0C91BC942}") = "9613_GCD 합", "9613_GCD 합\9613_GCD 합.vcxproj", "{0FAAD12D-1CAD-441C-881D-46729B34188A}"
EndProject
Global
	GlobalSection(SolutionConfigurationPlatforms) = preSolution
		Debug|x64 = Debug|x64
		Debug|x86 = Debug|x86
		Release|x64 = Release|x64
		Release|x86 = Release|x86
	EndGlobalSection
	GlobalSection(ProjectConfigurationPlatforms) = postSolution
		{C95D7DFA-B26F-48B3-8578-0AFBD62A7CFF}.Debug|x64.ActiveCfg = Debug|x64
		{C95D7DFA-B26F-48B3-8578-0AFBD62A7CFF}.Debug|x64.Build.0 = Debug|x64
		{C95D7DFA-B26F-48B3-8578-0AFBD62A7CFF}.Debug|x86.ActiveCfg = Debug|Win32
		{C95D7DFA-B26F-48B3-8578-0AFBD62A7CFF}.Debug|x86.Build.0 = Debug|Win32
		{C95D7DFA-B26F-48B3-8578-0AFBD62A7CFF}.Release|x64.ActiveCfg = Release|x64
		{C95D7DFA-B26F-48B3-8578-0AFBD62A7CFF}.Release|x64.Build.0 = Release|x64
		{C95D7DFA-B26F-48B3-8578-0AFBD62A7CFF}.Release|x86.ActiveCfg = Release|Win32
		{C95D7DFA-B26F-48B3-8578-0AFBD62A7CFF}.Release|x86.Build.0 = Release|Win32
		{92158FCE-5FFF-4CE7-B937-B649330209B8}.Debug|x64.ActiveCfg = Debug|x64
		{92158FCE-5FFF-4CE7-B937-B649330209B8}.Debug|x64.Build.0 = Debug|x64
		{92158FCE-5FFF-4CE7-B937-B649330209B8}.Debug|x86.ActiveCfg = Debug|Win32
		{92158FCE-5FFF-4CE7-B937-B649330209B8}.Debug|x86.Build.0 = Debug|Win32
		{92158FCE-5FFF-4CE7-B937-B649330209B8}.Release|x64.ActiveCfg = Release|x64
		{92158FCE-5FFF-4CE7-B937-B649330209B8}.Release|x64.Build.0 = Release|x64
		{92158FCE-5FFF-4CE7-B937-B649330209B8}.Release|x86.ActiveCfg = Release|Win32
		{92158FCE-5FFF-4CE7-B937-B649330209B8}.Release|x86.Build.0 = Release|Win32
		{0D3C8A40-C7A2-43E2-B275-812837FF0100}.Debug|x64.ActiveCfg = Debug|x64
		{0D3C8A40-C7A2-43E2-B275-812837FF0100}.Debug|x64.Build.0 = Debug|x64
		{0D3C8A40-C7A2-43E2-B275-812837FF0100}.Debug|x86.ActiveCfg = Debug|Win32
		{0D3C8A40-C7A2-43E2-B275-812837FF0100}.Debug|x86.Build.0 = Debug|Win32
		{0D3C8A40-C7A2-43E2-B275-812837FF0100}.Release|x64.ActiveCfg = Release|x64
		{0D3C8A40-C7A2-43E2-B275-812837FF0100}.Release|x64.Build.0 = Release|x64
		{0D3C8A40-C7A2-43E2-B275-812837FF0100}.Release|x86.ActiveCfg = Release|Win32
		{0D3C8A40-C7A2-43E2-B275-812837FF0100}.Release|x86.Build.0 = Release|Win32
		{F1AAC239-B135-4D4F-9D03-07AE647B8DE8}.Debug|x64.ActiveCfg = Debug|x64
		{F1AAC239-B135-4D4F-9D03-07AE647B8DE8}.Debug|x64.Build.0 = Debug|x64
		{F1AAC239-B135-4D4F-9D03-07AE647B8DE8}.Debug|x86.ActiveCfg = Debug|Win32
		{F1AAC239-B135-4D4F-9D03-07AE647B8DE8}.Debug|x86.Build.0 = Debug|Win32
		{F1AAC239-B135-4D4F-9D03-07AE647B8DE8}.Release|x64.ActiveCfg = Release|x64
		{F1AAC239-B135-4D4F-9D03-07AE647B8DE8}.Release|x64.Build.0 = Release|x64
		{F1AAC239-B135-4D4F-9D03-07AE647B8DE8}.Release|x86.ActiveCfg = Release|Win32
		{F1AAC239-B135-4D4F-9D03-07AE647B8DE8}.Release|x86.Build.0 = Release|Win32
		{C65AB228-A309-4D20-BB94-1539412C13B8}.Debug|x64.ActiveCfg = Debug|x64
		{C65AB228-A309-4D20-BB94-1539412C13B8}.Debug|x64.Build.0 = Debug|x64
		{C65AB228-A309-4D20-BB94-1539412C13B8}.Debug|x86.ActiveCfg = Debug|Win32
		{C65AB228-A309-4D20-BB94-1539412C13B8}.Debug|x86.Build.0 = Debug|Win32
		{C65AB228-A309-4D20-BB94-1539412C13B8}.Release|x64.ActiveCfg = Release|x64
		{C65AB228-A309-4D20-BB94-1539412C13B8}.Release|x64.Build.0 = Release|x64
		{C65AB228-A309-4D20-BB94-1539412C13B8}.Release|x86.ActiveCfg = Release|Win32
		{C65AB228-A309-4D20-BB94-1539412C13B8}.Release|x86.Build.0 = Release|Win32
		{555764BB-86E0-40AB-8ED9-48EAFF5E6D56}.Debug|x64.ActiveCfg = Debug|x64
		{555764BB-86E0-40AB-8ED9-48EAFF5E6D56}.Debug|x64.Build.0 = Debug|x64
		{555764BB-86E0-40AB-8ED9-48EAFF5E6D56}.Debug|x86.ActiveCfg = Debug|Win32
		{555764BB-86E0-40AB-8ED9-48EAFF5E6D56}.Debug|x86.Build.0 = Debug|Win32
		{555764BB-86E0-40AB-8ED9-48EAFF5E6D56}.Release|x64.ActiveCfg = Release|x64
		{555764BB-86E0-40AB-8ED9-48EAFF5E6D56}.Release|x64.Build.0 = Release|x64
		{555764BB-86E0-40AB-8ED9-48EAFF5E6D56}.Release|x86.ActiveCfg = Release|Win32
		{555764BB-86E0-40AB-8ED9-48EAFF5E6D56}.Release|x86.Build.0 = Release|Win32
		{53BC8B3D-0EB4-494E-BDA5-FDF79405868E}.Debug|x64.ActiveCfg = Debug|x64
		{53BC8B3D-0EB4-494E-BDA5-FDF79405868E}.Debug|x64.Build.0 = Debug|x64
		{53BC8B3D-0EB4-494E-BDA5-FDF79405868E}.Debug|x86.ActiveCfg = Debug|Win32
		{53BC8B3D-0EB4-494E-BDA5-FDF79405868E}.Debug|x86.Build.0 = Debug|Win32
		{53BC8B3D-0EB4-494E-BDA5-FDF79405868E}.Release|x64.ActiveCfg = Release|x64
		{53BC8B3D-0EB4-494E-BDA5-FDF79405868E}.Release|x64.Build.0 = Release|x64
		{53BC8B3D-0EB4-494E-BDA5-FDF79405868E}.Release|x86.ActiveCfg = Release|Win32
		{53BC8B3D-0EB4-494E-BDA5-FDF79405868E}.Release|x86.Build.0 = Release|Win32
		{EE99628D-AD17-423E-A92C-AAFA58AD72B3}.Debug|x64.ActiveCfg = Debug|x64
		{EE99628D-AD17-423E-A92C-AAFA58AD72B3}.Debug|x64.Build.0 = Debug|x64
		{EE99628D-AD17-423E-A92C-AAFA58AD72B3}.Debug|x86.ActiveCfg = Debug|Win32
		{EE99628D-AD17-423E-A92C-AAFA58AD72B3}.Debug|x86.Build.0 = Debug|Win32
		{EE99628D-AD17-423E-A92C-AAFA58AD72B3}.Release|x64.ActiveCfg = Release|x64
		{EE99628D-AD17-423E-A92C-AAFA58AD72B3}.Release|x64.Build.0 = Release|x64
		{EE99628D-AD17-423E-A92C-AAFA58AD72B3}.Release|x86.ActiveCfg = Release|Win32
		{EE99628D-AD17-423E-A92C-AAFA58AD72B3}.Release|x86.Build.0 = Release|Win32
		{9577D5A9-0443-423A-878B-B9D337505D82}.Debug|x64.ActiveCfg = Debug|x64
		{9577D5A9-0443-423A-878B-B9D337505D82}.Debug|x64.Build.0 = Debug|x64
		{9577D5A9-0443-423A-878B-B9D337505D82}.Debug|x86.ActiveCfg = Debug|Win32
		{9577D5A9-0443-423A-878B-B9D337505D82}.Debug|x86.Build.0 = Debug|Win32
		{9577D5A9-0443-423A-878B-B9D337505D82}.Release|x64.ActiveCfg = Release|x64
		{9577D5A9-0443-423A-878B-B9D337505D82}.Release|x64.Build.0 = Release|x64
		{9577D5A9-0443-423A-878B-B9D337505D82}.Release|x86.ActiveCfg = Release|Win32
		{9577D5A9-0443-423A-878B-B9D337505D82}.Release|x86.Build.0 = Release|Win32
		{0FAAD12D-1CAD-441C-881D-46729B34188A}.Debug|x64.ActiveCfg = Debug|x64
		{0FAAD12D-1CAD-441C-881D-46729B34188A}.Debug|x64.Build.0 = Debug|x64
		{0FAAD12D-1CAD-441C-881D-46729B34188A}.Debug|x86.ActiveCfg = Debug|Win32
		{0FAAD12D-1CAD-441C-881D-46729B34188A}.Debug|x86.Build.0 = Debug|Win32
		{0FAAD12D-1CAD-441C-881D-46729B34188A}.Release|x64.ActiveCfg = Release|x64
		{0FAAD12D-1CAD-441C-881D-46729B34188A}.Release|x64.Build.0 = Release|x64
		{0FAAD12D-1CAD-441C-881D-46729B34188A}.Release|x86.ActiveCfg = Release|Win32
		{0FAAD12D-1CAD-441C-881D-46729B34188A}.Release|x86.Build.0 = Release|Win32
	EndGlobalSection
	GlobalSection(SolutionProperties) = preSolution
		HideSolutionNode = FALSE
	EndGlobalSection
	GlobalSection(ExtensibilityGlobals) = postSolution
		SolutionGuid = {6309C818-64F9-494C-B1E9-68C4F74AB150}
	EndGlobalSection
EndGlobal
