
Microsoft Visual Studio Solution File, Format Version 12.00
# Visual Studio Version 16
VisualStudioVersion = 16.0.31205.134
MinimumVisualStudioVersion = 10.0.40219.1
Project("{8BC9CEB8-8B4A-11D0-8D11-00A0C91BC942}") = "10430_나머지", "10430_나머지\10430_나머지.vcxproj", "{C95D7DFA-B26F-48B3-8578-0AFBD62A7CFF}"
EndProject
Project("{8BC9CEB8-8B4A-11D0-8D11-00A0C91BC942}") = "2609_GCD_LCM", "2609_GCD_LCM\2609_GCD_LCM.vcxproj", "{92158FCE-5FFF-4CE7-B937-B649330209B8}"
EndProject
Project("{8BC9CEB8-8B4A-11D0-8D11-00A0C91BC942}") = "1934_LCM", "1934_LCM\1934_LCM.vcxproj", "{0D3C8A40-C7A2-43E2-B275-812837FF0100}"
EndProject
Project("{8BC9CEB8-8B4A-11D0-8D11-00A0C91BC942}") = "1978_PrimeNumber", "1978_PrimeNumber\1978_PrimeNumber.vcxproj", "{F1AAC239-B135-4D4F-9D03-07AE647B8DE8}"
EndProject
Project("{8BC9CEB8-8B4A-11D0-8D11-00A0C91BC942}") = "1929_에라토스테네스의 체", "1929_에라토스테네스의 체\1929_에라토스테네스의 체.vcxproj", "{C65AB228-A309-4D20-BB94-1539412C13B8}"
EndProject
Project("{8BC9CEB8-8B4A-11D0-8D11-00A0C91BC942}") = "6588_골드바흐의 추측", "6588_골드바흐의 추측\6588_골드바흐의 추측.vcxproj", "{555764BB-86E0-40AB-8ED9-48EAFF5E6D56}"
EndProject
Project("{8BC9CEB8-8B4A-11D0-8D11-00A0C91BC942}") = "10872_Factorial", "10872_Factorial\10872_Factorial.vcxproj", "{53BC8B3D-0EB4-494E-BDA5-FDF79405868E}"
EndProject
Project("{8BC9CEB8-8B4A-11D0-8D11-00A0C91BC942}") = "1676_팩토리얼 0의 개수", "1676_팩토리얼 0의 개수\1676_팩토리얼 0의 개수.vcxproj", "{EE99628D-AD17-423E-A92C-AAFA58AD72B3}"
EndProject
Project("{8BC9CEB8-8B4A-11D0-8D11-00A0C91BC942}") = "2004_조합 0의 개수", "2004_조합 0의 개수\2004_조합 0의 개수.vcxproj", "{9577D5A9-0443-423A-878B-B9D337505D82}"
EndProject
Project("{8BC9CEB8-8B4A-11D0-8D11-00A0C91BC942}") = "9613_GCD 합", "9613_GCD 합\9613_GCD 합.vcxproj", "{0FAAD12D-1CAD-441C-881D-46729B34188A}"
EndProject
Project("{8BC9CEB8-8B4A-11D0-8D11-00A0C91BC942}") = "17087_숨바꼭질6", "17087_숨바꼭질6\17087_숨바꼭질6.vcxproj", "{F863D4B5-5BF2-4ADB-B4E7-5B1C546E8595}"
EndProject
Project("{8BC9CEB8-8B4A-11D0-8D11-00A0C91BC942}") = "1373_2진수8진수", "1373_2진수8진수\1373_2진수8진수.vcxproj", "{2C40C3E5-C00F-4FC9-973B-A929FC865178}"
EndProject
Project("{8BC9CEB8-8B4A-11D0-8D11-00A0C91BC942}") = "1212_8진수를2진수로", "1212_8진수를2진수로\1212_8진수를2진수로.vcxproj", "{2F92DA69-EA15-4D49-8D93-D2463B9F0F18}"
EndProject
Project("{8BC9CEB8-8B4A-11D0-8D11-00A0C91BC942}") = "2089_-2진수", "2089_-2진수\2089_-2진수.vcxproj", "{F73186E7-C689-41EE-BAD1-CC705F01BDAD}"
EndProject
Project("{8BC9CEB8-8B4A-11D0-8D11-00A0C91BC942}") = "17103_골드바흐 파티션", "17103_골드바흐 파티션\17103_골드바흐 파티션.vcxproj", "{B1617E8F-845D-441C-B198-2F4BDF1E7569}"
EndProject
Project("{8BC9CEB8-8B4A-11D0-8D11-00A0C91BC942}") = "11005_진법 변환2", "11005_진법 변환2\11005_진법 변환2.vcxproj", "{1BC4DB2C-A1C1-45B8-B569-BA2BDF37540B}"
EndProject
Project("{8BC9CEB8-8B4A-11D0-8D11-00A0C91BC942}") = "2745_진법변환", "2745_진법변환\2745_진법변환.vcxproj", "{654BC3FB-E5E4-4816-A617-651CC3A14D39}"
EndProject
Project("{8BC9CEB8-8B4A-11D0-8D11-00A0C91BC942}") = "11576_BaseConversion", "11576_BaseConversion\11576_BaseConversion.vcxproj", "{6EE594CA-FB54-40F5-B231-88C7E7DFCB60}"
EndProject
Project("{8BC9CEB8-8B4A-11D0-8D11-00A0C91BC942}") = "11653_소인수분해", "11653_소인수분해\11653_소인수분해.vcxproj", "{891D1C48-DC97-4ABD-8B64-64B5E1143461}"
EndProject
Global
	GlobalSection(SolutionConfigurationPlatforms) = preSolution
		Debug|x64 = Debug|x64
		Debug|x86 = Debug|x86
		Release|x64 = Release|x64
		Release|x86 = Release|x86
	EndGlobalSection
	GlobalSection(ProjectConfigurationPlatforms) = postSolution
		{C95D7DFA-B26F-48B3-8578-0AFBD62A7CFF}.Debug|x64.ActiveCfg = Debug|x64
		{C95D7DFA-B26F-48B3-8578-0AFBD62A7CFF}.Debug|x64.Build.0 = Debug|x64
		{C95D7DFA-B26F-48B3-8578-0AFBD62A7CFF}.Debug|x86.ActiveCfg = Debug|Win32
		{C95D7DFA-B26F-48B3-8578-0AFBD62A7CFF}.Debug|x86.Build.0 = Debug|Win32
		{C95D7DFA-B26F-48B3-8578-0AFBD62A7CFF}.Release|x64.ActiveCfg = Release|x64
		{C95D7DFA-B26F-48B3-8578-0AFBD62A7CFF}.Release|x64.Build.0 = Release|x64
		{C95D7DFA-B26F-48B3-8578-0AFBD62A7CFF}.Release|x86.ActiveCfg = Release|Win32
		{C95D7DFA-B26F-48B3-8578-0AFBD62A7CFF}.Release|x86.Build.0 = Release|Win32
		{92158FCE-5FFF-4CE7-B937-B649330209B8}.Debug|x64.ActiveCfg = Debug|x64
		{92158FCE-5FFF-4CE7-B937-B649330209B8}.Debug|x64.Build.0 = Debug|x64
		{92158FCE-5FFF-4CE7-B937-B649330209B8}.Debug|x86.ActiveCfg = Debug|Win32
		{92158FCE-5FFF-4CE7-B937-B649330209B8}.Debug|x86.Build.0 = Debug|Win32
		{92158FCE-5FFF-4CE7-B937-B649330209B8}.Release|x64.ActiveCfg = Release|x64
		{92158FCE-5FFF-4CE7-B937-B649330209B8}.Release|x64.Build.0 = Release|x64
		{92158FCE-5FFF-4CE7-B937-B649330209B8}.Release|x86.ActiveCfg = Release|Win32
		{92158FCE-5FFF-4CE7-B937-B649330209B8}.Release|x86.Build.0 = Release|Win32
		{0D3C8A40-C7A2-43E2-B275-812837FF0100}.Debug|x64.ActiveCfg = Debug|x64
		{0D3C8A40-C7A2-43E2-B275-812837FF0100}.Debug|x64.Build.0 = Debug|x64
		{0D3C8A40-C7A2-43E2-B275-812837FF0100}.Debug|x86.ActiveCfg = Debug|Win32
		{0D3C8A40-C7A2-43E2-B275-812837FF0100}.Debug|x86.Build.0 = Debug|Win32
		{0D3C8A40-C7A2-43E2-B275-812837FF0100}.Release|x64.ActiveCfg = Release|x64
		{0D3C8A40-C7A2-43E2-B275-812837FF0100}.Release|x64.Build.0 = Release|x64
		{0D3C8A40-C7A2-43E2-B275-812837FF0100}.Release|x86.ActiveCfg = Release|Win32
		{0D3C8A40-C7A2-43E2-B275-812837FF0100}.Release|x86.Build.0 = Release|Win32
		{F1AAC239-B135-4D4F-9D03-07AE647B8DE8}.Debug|x64.ActiveCfg = Debug|x64
		{F1AAC239-B135-4D4F-9D03-07AE647B8DE8}.Debug|x64.Build.0 = Debug|x64
		{F1AAC239-B135-4D4F-9D03-07AE647B8DE8}.Debug|x86.ActiveCfg = Debug|Win32
		{F1AAC239-B135-4D4F-9D03-07AE647B8DE8}.Debug|x86.Build.0 = Debug|Win32
		{F1AAC239-B135-4D4F-9D03-07AE647B8DE8}.Release|x64.ActiveCfg = Release|x64
		{F1AAC239-B135-4D4F-9D03-07AE647B8DE8}.Release|x64.Build.0 = Release|x64
		{F1AAC239-B135-4D4F-9D03-07AE647B8DE8}.Release|x86.ActiveCfg = Release|Win32
		{F1AAC239-B135-4D4F-9D03-07AE647B8DE8}.Release|x86.Build.0 = Release|Win32
		{C65AB228-A309-4D20-BB94-1539412C13B8}.Debug|x64.ActiveCfg = Debug|x64
		{C65AB228-A309-4D20-BB94-1539412C13B8}.Debug|x64.Build.0 = Debug|x64
		{C65AB228-A309-4D20-BB94-1539412C13B8}.Debug|x86.ActiveCfg = Debug|Win32
		{C65AB228-A309-4D20-BB94-1539412C13B8}.Debug|x86.Build.0 = Debug|Win32
		{C65AB228-A309-4D20-BB94-1539412C13B8}.Release|x64.ActiveCfg = Release|x64
		{C65AB228-A309-4D20-BB94-1539412C13B8}.Release|x64.Build.0 = Release|x64
		{C65AB228-A309-4D20-BB94-1539412C13B8}.Release|x86.ActiveCfg = Release|Win32
		{C65AB228-A309-4D20-BB94-1539412C13B8}.Release|x86.Build.0 = Release|Win32
		{555764BB-86E0-40AB-8ED9-48EAFF5E6D56}.Debug|x64.ActiveCfg = Debug|x64
		{555764BB-86E0-40AB-8ED9-48EAFF5E6D56}.Debug|x64.Build.0 = Debug|x64
		{555764BB-86E0-40AB-8ED9-48EAFF5E6D56}.Debug|x86.ActiveCfg = Debug|Win32
		{555764BB-86E0-40AB-8ED9-48EAFF5E6D56}.Debug|x86.Build.0 = Debug|Win32
		{555764BB-86E0-40AB-8ED9-48EAFF5E6D56}.Release|x64.ActiveCfg = Release|x64
		{555764BB-86E0-40AB-8ED9-48EAFF5E6D56}.Release|x64.Build.0 = Release|x64
		{555764BB-86E0-40AB-8ED9-48EAFF5E6D56}.Release|x86.ActiveCfg = Release|Win32
		{555764BB-86E0-40AB-8ED9-48EAFF5E6D56}.Release|x86.Build.0 = Release|Win32
		{53BC8B3D-0EB4-494E-BDA5-FDF79405868E}.Debug|x64.ActiveCfg = Debug|x64
		{53BC8B3D-0EB4-494E-BDA5-FDF79405868E}.Debug|x64.Build.0 = Debug|x64
		{53BC8B3D-0EB4-494E-BDA5-FDF79405868E}.Debug|x86.ActiveCfg = Debug|Win32
		{53BC8B3D-0EB4-494E-BDA5-FDF79405868E}.Debug|x86.Build.0 = Debug|Win32
		{53BC8B3D-0EB4-494E-BDA5-FDF79405868E}.Release|x64.ActiveCfg = Release|x64
		{53BC8B3D-0EB4-494E-BDA5-FDF79405868E}.Release|x64.Build.0 = Release|x64
		{53BC8B3D-0EB4-494E-BDA5-FDF79405868E}.Release|x86.ActiveCfg = Release|Win32
		{53BC8B3D-0EB4-494E-BDA5-FDF79405868E}.Release|x86.Build.0 = Release|Win32
		{EE99628D-AD17-423E-A92C-AAFA58AD72B3}.Debug|x64.ActiveCfg = Debug|x64
		{EE99628D-AD17-423E-A92C-AAFA58AD72B3}.Debug|x64.Build.0 = Debug|x64
		{EE99628D-AD17-423E-A92C-AAFA58AD72B3}.Debug|x86.ActiveCfg = Debug|Win32
		{EE99628D-AD17-423E-A92C-AAFA58AD72B3}.Debug|x86.Build.0 = Debug|Win32
		{EE99628D-AD17-423E-A92C-AAFA58AD72B3}.Release|x64.ActiveCfg = Release|x64
		{EE99628D-AD17-423E-A92C-AAFA58AD72B3}.Release|x64.Build.0 = Release|x64
		{EE99628D-AD17-423E-A92C-AAFA58AD72B3}.Release|x86.ActiveCfg = Release|Win32
		{EE99628D-AD17-423E-A92C-AAFA58AD72B3}.Release|x86.Build.0 = Release|Win32
		{9577D5A9-0443-423A-878B-B9D337505D82}.Debug|x64.ActiveCfg = Debug|x64
		{9577D5A9-0443-423A-878B-B9D337505D82}.Debug|x64.Build.0 = Debug|x64
		{9577D5A9-0443-423A-878B-B9D337505D82}.Debug|x86.ActiveCfg = Debug|Win32
		{9577D5A9-0443-423A-878B-B9D337505D82}.Debug|x86.Build.0 = Debug|Win32
		{9577D5A9-0443-423A-878B-B9D337505D82}.Release|x64.ActiveCfg = Release|x64
		{9577D5A9-0443-423A-878B-B9D337505D82}.Release|x64.Build.0 = Release|x64
		{9577D5A9-0443-423A-878B-B9D337505D82}.Release|x86.ActiveCfg = Release|Win32
		{9577D5A9-0443-423A-878B-B9D337505D82}.Release|x86.Build.0 = Release|Win32
		{0FAAD12D-1CAD-441C-881D-46729B34188A}.Debug|x64.ActiveCfg = Debug|x64
		{0FAAD12D-1CAD-441C-881D-46729B34188A}.Debug|x64.Build.0 = Debug|x64
		{0FAAD12D-1CAD-441C-881D-46729B34188A}.Debug|x86.ActiveCfg = Debug|Win32
		{0FAAD12D-1CAD-441C-881D-46729B34188A}.Debug|x86.Build.0 = Debug|Win32
		{0FAAD12D-1CAD-441C-881D-46729B34188A}.Release|x64.ActiveCfg = Release|x64
		{0FAAD12D-1CAD-441C-881D-46729B34188A}.Release|x64.Build.0 = Release|x64
		{0FAAD12D-1CAD-441C-881D-46729B34188A}.Release|x86.ActiveCfg = Release|Win32
		{0FAAD12D-1CAD-441C-881D-46729B34188A}.Release|x86.Build.0 = Release|Win32
		{F863D4B5-5BF2-4ADB-B4E7-5B1C546E8595}.Debug|x64.ActiveCfg = Debug|x64
		{F863D4B5-5BF2-4ADB-B4E7-5B1C546E8595}.Debug|x64.Build.0 = Debug|x64
		{F863D4B5-5BF2-4ADB-B4E7-5B1C546E8595}.Debug|x86.ActiveCfg = Debug|Win32
		{F863D4B5-5BF2-4ADB-B4E7-5B1C546E8595}.Debug|x86.Build.0 = Debug|Win32
		{F863D4B5-5BF2-4ADB-B4E7-5B1C546E8595}.Release|x64.ActiveCfg = Release|x64
		{F863D4B5-5BF2-4ADB-B4E7-5B1C546E8595}.Release|x64.Build.0 = Release|x64
		{F863D4B5-5BF2-4ADB-B4E7-5B1C546E8595}.Release|x86.ActiveCfg = Release|Win32
		{F863D4B5-5BF2-4ADB-B4E7-5B1C546E8595}.Release|x86.Build.0 = Release|Win32
		{2C40C3E5-C00F-4FC9-973B-A929FC865178}.Debug|x64.ActiveCfg = Debug|x64
		{2C40C3E5-C00F-4FC9-973B-A929FC865178}.Debug|x64.Build.0 = Debug|x64
		{2C40C3E5-C00F-4FC9-973B-A929FC865178}.Debug|x86.ActiveCfg = Debug|Win32
		{2C40C3E5-C00F-4FC9-973B-A929FC865178}.Debug|x86.Build.0 = Debug|Win32
		{2C40C3E5-C00F-4FC9-973B-A929FC865178}.Release|x64.ActiveCfg = Release|x64
		{2C40C3E5-C00F-4FC9-973B-A929FC865178}.Release|x64.Build.0 = Release|x64
		{2C40C3E5-C00F-4FC9-973B-A929FC865178}.Release|x86.ActiveCfg = Release|Win32
		{2C40C3E5-C00F-4FC9-973B-A929FC865178}.Release|x86.Build.0 = Release|Win32
		{2F92DA69-EA15-4D49-8D93-D2463B9F0F18}.Debug|x64.ActiveCfg = Debug|x64
		{2F92DA69-EA15-4D49-8D93-D2463B9F0F18}.Debug|x64.Build.0 = Debug|x64
		{2F92DA69-EA15-4D49-8D93-D2463B9F0F18}.Debug|x86.ActiveCfg = Debug|Win32
		{2F92DA69-EA15-4D49-8D93-D2463B9F0F18}.Debug|x86.Build.0 = Debug|Win32
		{2F92DA69-EA15-4D49-8D93-D2463B9F0F18}.Release|x64.ActiveCfg = Release|x64
		{2F92DA69-EA15-4D49-8D93-D2463B9F0F18}.Release|x64.Build.0 = Release|x64
		{2F92DA69-EA15-4D49-8D93-D2463B9F0F18}.Release|x86.ActiveCfg = Release|Win32
		{2F92DA69-EA15-4D49-8D93-D2463B9F0F18}.Release|x86.Build.0 = Release|Win32
		{F73186E7-C689-41EE-BAD1-CC705F01BDAD}.Debug|x64.ActiveCfg = Debug|x64
		{F73186E7-C689-41EE-BAD1-CC705F01BDAD}.Debug|x64.Build.0 = Debug|x64
		{F73186E7-C689-41EE-BAD1-CC705F01BDAD}.Debug|x86.ActiveCfg = Debug|Win32
		{F73186E7-C689-41EE-BAD1-CC705F01BDAD}.Debug|x86.Build.0 = Debug|Win32
		{F73186E7-C689-41EE-BAD1-CC705F01BDAD}.Release|x64.ActiveCfg = Release|x64
		{F73186E7-C689-41EE-BAD1-CC705F01BDAD}.Release|x64.Build.0 = Release|x64
		{F73186E7-C689-41EE-BAD1-CC705F01BDAD}.Release|x86.ActiveCfg = Release|Win32
		{F73186E7-C689-41EE-BAD1-CC705F01BDAD}.Release|x86.Build.0 = Release|Win32
		{B1617E8F-845D-441C-B198-2F4BDF1E7569}.Debug|x64.ActiveCfg = Debug|x64
		{B1617E8F-845D-441C-B198-2F4BDF1E7569}.Debug|x64.Build.0 = Debug|x64
		{B1617E8F-845D-441C-B198-2F4BDF1E7569}.Debug|x86.ActiveCfg = Debug|Win32
		{B1617E8F-845D-441C-B198-2F4BDF1E7569}.Debug|x86.Build.0 = Debug|Win32
		{B1617E8F-845D-441C-B198-2F4BDF1E7569}.Release|x64.ActiveCfg = Release|x64
		{B1617E8F-845D-441C-B198-2F4BDF1E7569}.Release|x64.Build.0 = Release|x64
		{B1617E8F-845D-441C-B198-2F4BDF1E7569}.Release|x86.ActiveCfg = Release|Win32
		{B1617E8F-845D-441C-B198-2F4BDF1E7569}.Release|x86.Build.0 = Release|Win32
		{1BC4DB2C-A1C1-45B8-B569-BA2BDF37540B}.Debug|x64.ActiveCfg = Debug|x64
		{1BC4DB2C-A1C1-45B8-B569-BA2BDF37540B}.Debug|x64.Build.0 = Debug|x64
		{1BC4DB2C-A1C1-45B8-B569-BA2BDF37540B}.Debug|x86.ActiveCfg = Debug|Win32
		{1BC4DB2C-A1C1-45B8-B569-BA2BDF37540B}.Debug|x86.Build.0 = Debug|Win32
		{1BC4DB2C-A1C1-45B8-B569-BA2BDF37540B}.Release|x64.ActiveCfg = Release|x64
		{1BC4DB2C-A1C1-45B8-B569-BA2BDF37540B}.Release|x64.Build.0 = Release|x64
		{1BC4DB2C-A1C1-45B8-B569-BA2BDF37540B}.Release|x86.ActiveCfg = Release|Win32
		{1BC4DB2C-A1C1-45B8-B569-BA2BDF37540B}.Release|x86.Build.0 = Release|Win32
		{654BC3FB-E5E4-4816-A617-651CC3A14D39}.Debug|x64.ActiveCfg = Debug|x64
		{654BC3FB-E5E4-4816-A617-651CC3A14D39}.Debug|x64.Build.0 = Debug|x64
		{654BC3FB-E5E4-4816-A617-651CC3A14D39}.Debug|x86.ActiveCfg = Debug|Win32
		{654BC3FB-E5E4-4816-A617-651CC3A14D39}.Debug|x86.Build.0 = Debug|Win32
		{654BC3FB-E5E4-4816-A617-651CC3A14D39}.Release|x64.ActiveCfg = Release|x64
		{654BC3FB-E5E4-4816-A617-651CC3A14D39}.Release|x64.Build.0 = Release|x64
		{654BC3FB-E5E4-4816-A617-651CC3A14D39}.Release|x86.ActiveCfg = Release|Win32
		{654BC3FB-E5E4-4816-A617-651CC3A14D39}.Release|x86.Build.0 = Release|Win32
		{6EE594CA-FB54-40F5-B231-88C7E7DFCB60}.Debug|x64.ActiveCfg = Debug|x64
		{6EE594CA-FB54-40F5-B231-88C7E7DFCB60}.Debug|x64.Build.0 = Debug|x64
		{6EE594CA-FB54-40F5-B231-88C7E7DFCB60}.Debug|x86.ActiveCfg = Debug|Win32
		{6EE594CA-FB54-40F5-B231-88C7E7DFCB60}.Debug|x86.Build.0 = Debug|Win32
		{6EE594CA-FB54-40F5-B231-88C7E7DFCB60}.Release|x64.ActiveCfg = Release|x64
		{6EE594CA-FB54-40F5-B231-88C7E7DFCB60}.Release|x64.Build.0 = Release|x64
		{6EE594CA-FB54-40F5-B231-88C7E7DFCB60}.Release|x86.ActiveCfg = Release|Win32
		{6EE594CA-FB54-40F5-B231-88C7E7DFCB60}.Release|x86.Build.0 = Release|Win32
		{891D1C48-DC97-4ABD-8B64-64B5E1143461}.Debug|x64.ActiveCfg = Debug|x64
		{891D1C48-DC97-4ABD-8B64-64B5E1143461}.Debug|x64.Build.0 = Debug|x64
		{891D1C48-DC97-4ABD-8B64-64B5E1143461}.Debug|x86.ActiveCfg = Debug|Win32
		{891D1C48-DC97-4ABD-8B64-64B5E1143461}.Debug|x86.Build.0 = Debug|Win32
		{891D1C48-DC97-4ABD-8B64-64B5E1143461}.Release|x64.ActiveCfg = Release|x64
		{891D1C48-DC97-4ABD-8B64-64B5E1143461}.Release|x64.Build.0 = Release|x64
		{891D1C48-DC97-4ABD-8B64-64B5E1143461}.Release|x86.ActiveCfg = Release|Win32
		{891D1C48-DC97-4ABD-8B64-64B5E1143461}.Release|x86.Build.0 = Release|Win32
	EndGlobalSection
	GlobalSection(SolutionProperties) = preSolution
		HideSolutionNode = FALSE
	EndGlobalSection
	GlobalSection(ExtensibilityGlobals) = postSolution
		SolutionGuid = {6309C818-64F9-494C-B1E9-68C4F74AB150}
	EndGlobalSection
EndGlobal
