
Microsoft Visual Studio Solution File, Format Version 12.00
# Visual Studio Version 16
VisualStudioVersion = 16.0.31205.134
MinimumVisualStudioVersion = 10.0.40219.1
Project("{8BC9CEB8-8B4A-11D0-8D11-00A0C91BC942}") = "10845_Queue", "10845_Queue\10845_Queue.vcxproj", "{87E23AC4-6A96-448D-90B6-248991C1AF18}"
EndProject
Project("{8BC9CEB8-8B4A-11D0-8D11-00A0C91BC942}") = "1158_Josephus", "1158_Josephus\1158_Josephus.vcxproj", "{A804E446-A5C5-4FA4-907F-DBD723EDF481}"
EndProject
Global
	GlobalSection(SolutionConfigurationPlatforms) = preSolution
		Debug|x64 = Debug|x64
		Debug|x86 = Debug|x86
		Release|x64 = Release|x64
		Release|x86 = Release|x86
	EndGlobalSection
	GlobalSection(ProjectConfigurationPlatforms) = postSolution
		{87E23AC4-6A96-448D-90B6-248991C1AF18}.Debug|x64.ActiveCfg = Debug|x64
		{87E23AC4-6A96-448D-90B6-248991C1AF18}.Debug|x64.Build.0 = Debug|x64
		{87E23AC4-6A96-448D-90B6-248991C1AF18}.Debug|x86.ActiveCfg = Debug|Win32
		{87E23AC4-6A96-448D-90B6-248991C1AF18}.Debug|x86.Build.0 = Debug|Win32
		{87E23AC4-6A96-448D-90B6-248991C1AF18}.Release|x64.ActiveCfg = Release|x64
		{87E23AC4-6A96-448D-90B6-248991C1AF18}.Release|x64.Build.0 = Release|x64
		{87E23AC4-6A96-448D-90B6-248991C1AF18}.Release|x86.ActiveCfg = Release|Win32
		{87E23AC4-6A96-448D-90B6-248991C1AF18}.Release|x86.Build.0 = Release|Win32
		{A804E446-A5C5-4FA4-907F-DBD723EDF481}.Debug|x64.ActiveCfg = Debug|x64
		{A804E446-A5C5-4FA4-907F-DBD723EDF481}.Debug|x64.Build.0 = Debug|x64
		{A804E446-A5C5-4FA4-907F-DBD723EDF481}.Debug|x86.ActiveCfg = Debug|Win32
		{A804E446-A5C5-4FA4-907F-DBD723EDF481}.Debug|x86.Build.0 = Debug|Win32
		{A804E446-A5C5-4FA4-907F-DBD723EDF481}.Release|x64.ActiveCfg = Release|x64
		{A804E446-A5C5-4FA4-907F-DBD723EDF481}.Release|x64.Build.0 = Release|x64
		{A804E446-A5C5-4FA4-907F-DBD723EDF481}.Release|x86.ActiveCfg = Release|Win32
		{A804E446-A5C5-4FA4-907F-DBD723EDF481}.Release|x86.Build.0 = Release|Win32
	EndGlobalSection
	GlobalSection(SolutionProperties) = preSolution
		HideSolutionNode = FALSE
	EndGlobalSection
	GlobalSection(ExtensibilityGlobals) = postSolution
		SolutionGuid = {9081E1B8-4036-4C4B-AD09-AE0E0EE76956}
	EndGlobalSection
EndGlobal
