
Microsoft Visual Studio Solution File, Format Version 12.00
# Visual Studio Version 16
VisualStudioVersion = 16.0.31229.75
MinimumVisualStudioVersion = 10.0.40219.1
Project("{8BC9CEB8-8B4A-11D0-8D11-00A0C91BC942}") = "1463_1로 만들기", "1463_1로 만들기\1463_1로 만들기.vcxproj", "{8B21BF6D-D765-46FF-8E0E-8DEED1A25F6F}"
EndProject
Project("{8BC9CEB8-8B4A-11D0-8D11-00A0C91BC942}") = "2747_Fibonacci", "2747_Fibonacci\2747_Fibonacci.vcxproj", "{C25457D9-B685-4C4A-B5F3-1AEF0A40BF12}"
EndProject
Global
	GlobalSection(SolutionConfigurationPlatforms) = preSolution
		Debug|x64 = Debug|x64
		Debug|x86 = Debug|x86
		Release|x64 = Release|x64
		Release|x86 = Release|x86
	EndGlobalSection
	GlobalSection(ProjectConfigurationPlatforms) = postSolution
		{8B21BF6D-D765-46FF-8E0E-8DEED1A25F6F}.Debug|x64.ActiveCfg = Debug|x64
		{8B21BF6D-D765-46FF-8E0E-8DEED1A25F6F}.Debug|x64.Build.0 = Debug|x64
		{8B21BF6D-D765-46FF-8E0E-8DEED1A25F6F}.Debug|x86.ActiveCfg = Debug|Win32
		{8B21BF6D-D765-46FF-8E0E-8DEED1A25F6F}.Debug|x86.Build.0 = Debug|Win32
		{8B21BF6D-D765-46FF-8E0E-8DEED1A25F6F}.Release|x64.ActiveCfg = Release|x64
		{8B21BF6D-D765-46FF-8E0E-8DEED1A25F6F}.Release|x64.Build.0 = Release|x64
		{8B21BF6D-D765-46FF-8E0E-8DEED1A25F6F}.Release|x86.ActiveCfg = Release|Win32
		{8B21BF6D-D765-46FF-8E0E-8DEED1A25F6F}.Release|x86.Build.0 = Release|Win32
		{C25457D9-B685-4C4A-B5F3-1AEF0A40BF12}.Debug|x64.ActiveCfg = Debug|x64
		{C25457D9-B685-4C4A-B5F3-1AEF0A40BF12}.Debug|x64.Build.0 = Debug|x64
		{C25457D9-B685-4C4A-B5F3-1AEF0A40BF12}.Debug|x86.ActiveCfg = Debug|Win32
		{C25457D9-B685-4C4A-B5F3-1AEF0A40BF12}.Debug|x86.Build.0 = Debug|Win32
		{C25457D9-B685-4C4A-B5F3-1AEF0A40BF12}.Release|x64.ActiveCfg = Release|x64
		{C25457D9-B685-4C4A-B5F3-1AEF0A40BF12}.Release|x64.Build.0 = Release|x64
		{C25457D9-B685-4C4A-B5F3-1AEF0A40BF12}.Release|x86.ActiveCfg = Release|Win32
		{C25457D9-B685-4C4A-B5F3-1AEF0A40BF12}.Release|x86.Build.0 = Release|Win32
	EndGlobalSection
	GlobalSection(SolutionProperties) = preSolution
		HideSolutionNode = FALSE
	EndGlobalSection
	GlobalSection(ExtensibilityGlobals) = postSolution
		SolutionGuid = {B27AEEA2-20B0-4049-909E-3EB3C546B881}
	EndGlobalSection
EndGlobal
